<?xml version="1.0" encoding="utf-8"?>
<Project ToolsVersion="4.0" xmlns="http://schemas.microsoft.com/developer/msbuild/2003">
  <ItemGroup>
    <ClCompile Include="AlienNest.cpp" />
    <ClCompile Include="Bullet.cpp" />
    <ClCompile Include="Game.cpp" />
    <ClCompile Include="main.cpp" />
    <ClCompile Include="Player.cpp" />
    <ClCompile Include="SweeperBots.cpp" />
    <ClCompile Include="Tile.cpp" />
    <ClCompile Include="Workers.cpp" />
    <ClCompile Include="Worker.cpp" />
    <ClCompile Include="Predator.cpp" />
  </ItemGroup>
  <ItemGroup>
    <ClInclude Include="AlienNest.h" />
    <ClInclude Include="Bullet.h" />
    <ClInclude Include="Game.h" />
    <ClInclude Include="main.h" />
    <ClInclude Include="Player.h" />
    <ClInclude Include="SweeperBots.h" />
    <ClInclude Include="Tile.h" />
    <ClInclude Include="Workers.h" />
    <ClInclude Include="Worker.h" />
    <ClInclude Include="Predator.h" />
  </ItemGroup>
  <ItemGroup>
    <Image Include="images\worker.png" />
  </ItemGroup>
</Project>